{
  "requires": true,
  "lockfileVersion": 1,
  "dependencies": {
    "howler": {
      "version": "2.1.3",
      "resolved": "https://registry.npmjs.org/howler/-/howler-2.1.3.tgz",
      "integrity": "sha512-PSGbOi1EYgw80C5UQbxtJM7TmzD+giJunIMBYyH3RVzHZx2fZLYBoes0SpVVHi/SFa1GoNtgXj/j6I7NOKYBxQ=="
    }
  }
}
